// !$*UTF8*$!
{
	archiveVersion = 1;
	classes = {
	};
	objectVersion = 55;
	objects = {

/* Begin PBXBuildFile section */
		32F5562502A36F166CDA08E9 /* Pods_ZemogaTechTest.framework in Frameworks */ = {isa = PBXBuildFile; fileRef = 833F177A24932616CBE96A65 /* Pods_ZemogaTechTest.framework */; };
		8CCB3AA4FB3A26D87C1A0EBA /* Pods_ZemogaTechTestTests.framework in Frameworks */ = {isa = PBXBuildFile; fileRef = 9B6359AFB24AE63CB8B767CD /* Pods_ZemogaTechTestTests.framework */; };
		FAA9AB17286DDDE5001C3A37 /* AppDelegate.swift in Sources */ = {isa = PBXBuildFile; fileRef = FAA9AB16286DDDE5001C3A37 /* AppDelegate.swift */; };
		FAA9AB21286DDDE5001C3A37 /* ZemogaTechTest.xcdatamodeld in Sources */ = {isa = PBXBuildFile; fileRef = FAA9AB1F286DDDE5001C3A37 /* ZemogaTechTest.xcdatamodeld */; };
		FAA9AB23286DDDE7001C3A37 /* Assets.xcassets in Resources */ = {isa = PBXBuildFile; fileRef = FAA9AB22286DDDE7001C3A37 /* Assets.xcassets */; };
		FAA9AB26286DDDE7001C3A37 /* LaunchScreen.storyboard in Resources */ = {isa = PBXBuildFile; fileRef = FAA9AB24286DDDE7001C3A37 /* LaunchScreen.storyboard */; };
		FAA9AB31286DDDE8001C3A37 /* ZemogaTechTestTests.swift in Sources */ = {isa = PBXBuildFile; fileRef = FAA9AB30286DDDE8001C3A37 /* ZemogaTechTestTests.swift */; };
		FAA9AB3B286DDDE8001C3A37 /* ZemogaTechTestUITests.swift in Sources */ = {isa = PBXBuildFile; fileRef = FAA9AB3A286DDDE8001C3A37 /* ZemogaTechTestUITests.swift */; };
		FAA9AB3D286DDDE8001C3A37 /* ZemogaTechTestUITestsLaunchTests.swift in Sources */ = {isa = PBXBuildFile; fileRef = FAA9AB3C286DDDE8001C3A37 /* ZemogaTechTestUITestsLaunchTests.swift */; };
		FAA9AB52286DE1B1001C3A37 /* PostListView.swift in Sources */ = {isa = PBXBuildFile; fileRef = FAA9AB4B286DE1B1001C3A37 /* PostListView.swift */; };
		FAA9AB53286DE1B1001C3A37 /* PostListBuilder.swift in Sources */ = {isa = PBXBuildFile; fileRef = FAA9AB4C286DE1B1001C3A37 /* PostListBuilder.swift */; };
		FAA9AB54286DE1B1001C3A37 /* PostListRouter.swift in Sources */ = {isa = PBXBuildFile; fileRef = FAA9AB4D286DE1B1001C3A37 /* PostListRouter.swift */; };
		FAA9AB55286DE1B1001C3A37 /* PostListView.xib in Resources */ = {isa = PBXBuildFile; fileRef = FAA9AB4E286DE1B1001C3A37 /* PostListView.xib */; };
		FAA9AB56286DE1B1001C3A37 /* PostListContract.swift in Sources */ = {isa = PBXBuildFile; fileRef = FAA9AB4F286DE1B1001C3A37 /* PostListContract.swift */; };
		FAA9AB57286DE1B1001C3A37 /* PostListInteractor.swift in Sources */ = {isa = PBXBuildFile; fileRef = FAA9AB50286DE1B1001C3A37 /* PostListInteractor.swift */; };
		FAA9AB58286DE1B1001C3A37 /* PostListPresenter.swift in Sources */ = {isa = PBXBuildFile; fileRef = FAA9AB51286DE1B1001C3A37 /* PostListPresenter.swift */; };
		FAA9AB5E286DE323001C3A37 /* ViperModuleProtocol.swift in Sources */ = {isa = PBXBuildFile; fileRef = FAA9AB5C286DE323001C3A37 /* ViperModuleProtocol.swift */; };
		FAA9AB5F286DE323001C3A37 /* ViperUIModuleProtocol.swift in Sources */ = {isa = PBXBuildFile; fileRef = FAA9AB5D286DE323001C3A37 /* ViperUIModuleProtocol.swift */; };
		FAA9AB64286DE59C001C3A37 /* AppDelegateContract.swift in Sources */ = {isa = PBXBuildFile; fileRef = FAA9AB61286DE59C001C3A37 /* AppDelegateContract.swift */; };
		FAA9AB65286DE59C001C3A37 /* AppDelegateInteractor.swift in Sources */ = {isa = PBXBuildFile; fileRef = FAA9AB62286DE59C001C3A37 /* AppDelegateInteractor.swift */; };
		FAA9AB66286DE59C001C3A37 /* AppDelegateRouter.swift in Sources */ = {isa = PBXBuildFile; fileRef = FAA9AB63286DE59C001C3A37 /* AppDelegateRouter.swift */; };
		FAA9AB6A286DF578001C3A37 /* PostCell.swift in Sources */ = {isa = PBXBuildFile; fileRef = FAA9AB68286DF578001C3A37 /* PostCell.swift */; };
		FAA9AB6B286DF578001C3A37 /* PostCell.xib in Resources */ = {isa = PBXBuildFile; fileRef = FAA9AB69286DF578001C3A37 /* PostCell.xib */; };
		FAA9AB6E286DF8D7001C3A37 /* Post.swift in Sources */ = {isa = PBXBuildFile; fileRef = FAA9AB6D286DF8D7001C3A37 /* Post.swift */; };
		FAA9AB70286DF94D001C3A37 /* Comment.swift in Sources */ = {isa = PBXBuildFile; fileRef = FAA9AB6F286DF94D001C3A37 /* Comment.swift */; };
		FAA9AB73286DFDCD001C3A37 /* PostService.swift in Sources */ = {isa = PBXBuildFile; fileRef = FAA9AB72286DFDCD001C3A37 /* PostService.swift */; };
		FAA9AB75286DFDD7001C3A37 /* APIPostService.swift in Sources */ = {isa = PBXBuildFile; fileRef = FAA9AB74286DFDD7001C3A37 /* APIPostService.swift */; };
		FAA9AB79286DFE8A001C3A37 /* Constants.swift in Sources */ = {isa = PBXBuildFile; fileRef = FAA9AB78286DFE8A001C3A37 /* Constants.swift */; };
		FAA9AB85286E19C2001C3A37 /* PostDetailView.swift in Sources */ = {isa = PBXBuildFile; fileRef = FAA9AB7E286E19C2001C3A37 /* PostDetailView.swift */; };
		FAA9AB86286E19C2001C3A37 /* PostDetailBuilder.swift in Sources */ = {isa = PBXBuildFile; fileRef = FAA9AB7F286E19C2001C3A37 /* PostDetailBuilder.swift */; };
		FAA9AB87286E19C2001C3A37 /* PostDetailRouter.swift in Sources */ = {isa = PBXBuildFile; fileRef = FAA9AB80286E19C2001C3A37 /* PostDetailRouter.swift */; };
		FAA9AB88286E19C2001C3A37 /* PostDetailView.xib in Resources */ = {isa = PBXBuildFile; fileRef = FAA9AB81286E19C2001C3A37 /* PostDetailView.xib */; };
		FAA9AB89286E19C2001C3A37 /* PostDetailContract.swift in Sources */ = {isa = PBXBuildFile; fileRef = FAA9AB82286E19C2001C3A37 /* PostDetailContract.swift */; };
		FAA9AB8A286E19C2001C3A37 /* PostDetailInteractor.swift in Sources */ = {isa = PBXBuildFile; fileRef = FAA9AB83286E19C2001C3A37 /* PostDetailInteractor.swift */; };
		FAA9AB8B286E19C2001C3A37 /* PostDetailPresenter.swift in Sources */ = {isa = PBXBuildFile; fileRef = FAA9AB84286E19C2001C3A37 /* PostDetailPresenter.swift */; };
		FAA9AB8F286E55B9001C3A37 /* CommentCell.swift in Sources */ = {isa = PBXBuildFile; fileRef = FAA9AB8D286E55B9001C3A37 /* CommentCell.swift */; };
		FAA9AB90286E55B9001C3A37 /* CommentCell.xib in Resources */ = {isa = PBXBuildFile; fileRef = FAA9AB8E286E55B9001C3A37 /* CommentCell.xib */; };
		FAA9AB93286E5776001C3A37 /* DescriptionCell.swift in Sources */ = {isa = PBXBuildFile; fileRef = FAA9AB91286E5776001C3A37 /* DescriptionCell.swift */; };
		FAA9AB94286E5776001C3A37 /* DescriptionCell.xib in Resources */ = {isa = PBXBuildFile; fileRef = FAA9AB92286E5776001C3A37 /* DescriptionCell.xib */; };
		FAA9AB97286E57E5001C3A37 /* UserCell.swift in Sources */ = {isa = PBXBuildFile; fileRef = FAA9AB95286E57E5001C3A37 /* UserCell.swift */; };
		FAA9AB98286E57E5001C3A37 /* UserCell.xib in Resources */ = {isa = PBXBuildFile; fileRef = FAA9AB96286E57E5001C3A37 /* UserCell.xib */; };
		FAA9AB9A286E59CB001C3A37 /* User.swift in Sources */ = {isa = PBXBuildFile; fileRef = FAA9AB99286E59CB001C3A37 /* User.swift */; };
		FAA9ABBC2871BEA5001C3A37 /* CoreDataService.swift in Sources */ = {isa = PBXBuildFile; fileRef = FAA9ABBB2871BEA5001C3A37 /* CoreDataService.swift */; };
		FAA9ABBE2871BEC2001C3A37 /* APICoreDataService.swift in Sources */ = {isa = PBXBuildFile; fileRef = FAA9ABBD2871BEC2001C3A37 /* APICoreDataService.swift */; };
/* End PBXBuildFile section */

/* Begin PBXContainerItemProxy section */
		FAA9AB2D286DDDE8001C3A37 /* PBXContainerItemProxy */ = {
			isa = PBXContainerItemProxy;
			containerPortal = FAA9AB0B286DDDE5001C3A37 /* Project object */;
			proxyType = 1;
			remoteGlobalIDString = FAA9AB12286DDDE5001C3A37;
			remoteInfo = ZemogaTechTest;
		};
		FAA9AB37286DDDE8001C3A37 /* PBXContainerItemProxy */ = {
			isa = PBXContainerItemProxy;
			containerPortal = FAA9AB0B286DDDE5001C3A37 /* Project object */;
			proxyType = 1;
			remoteGlobalIDString = FAA9AB12286DDDE5001C3A37;
			remoteInfo = ZemogaTechTest;
		};
/* End PBXContainerItemProxy section */

/* Begin PBXFileReference section */
		0D602B52255545DDF3B79A06 /* Pods-ZemogaTechTest.debug.xcconfig */ = {isa = PBXFileReference; includeInIndex = 1; lastKnownFileType = text.xcconfig; name = "Pods-ZemogaTechTest.debug.xcconfig"; path = "Target Support Files/Pods-ZemogaTechTest/Pods-ZemogaTechTest.debug.xcconfig"; sourceTree = "<group>"; };
		215FD7469E16388A12E7AFAC /* Pods-ZemogaTechTest.release.xcconfig */ = {isa = PBXFileReference; includeInIndex = 1; lastKnownFileType = text.xcconfig; name = "Pods-ZemogaTechTest.release.xcconfig"; path = "Target Support Files/Pods-ZemogaTechTest/Pods-ZemogaTechTest.release.xcconfig"; sourceTree = "<group>"; };
		57D240690DE0540A16AAD8A0 /* Pods-ZemogaTechTestTests.debug.xcconfig */ = {isa = PBXFileReference; includeInIndex = 1; lastKnownFileType = text.xcconfig; name = "Pods-ZemogaTechTestTests.debug.xcconfig"; path = "Target Support Files/Pods-ZemogaTechTestTests/Pods-ZemogaTechTestTests.debug.xcconfig"; sourceTree = "<group>"; };
		833F177A24932616CBE96A65 /* Pods_ZemogaTechTest.framework */ = {isa = PBXFileReference; explicitFileType = wrapper.framework; includeInIndex = 0; path = Pods_ZemogaTechTest.framework; sourceTree = BUILT_PRODUCTS_DIR; };
		9B6359AFB24AE63CB8B767CD /* Pods_ZemogaTechTestTests.framework */ = {isa = PBXFileReference; explicitFileType = wrapper.framework; includeInIndex = 0; path = Pods_ZemogaTechTestTests.framework; sourceTree = BUILT_PRODUCTS_DIR; };
		E69096233596C6877CC21467 /* Pods-ZemogaTechTestTests.release.xcconfig */ = {isa = PBXFileReference; includeInIndex = 1; lastKnownFileType = text.xcconfig; name = "Pods-ZemogaTechTestTests.release.xcconfig"; path = "Target Support Files/Pods-ZemogaTechTestTests/Pods-ZemogaTechTestTests.release.xcconfig"; sourceTree = "<group>"; };
		FAA9AB13286DDDE5001C3A37 /* ZemogaTechTest.app */ = {isa = PBXFileReference; explicitFileType = wrapper.application; includeInIndex = 0; path = ZemogaTechTest.app; sourceTree = BUILT_PRODUCTS_DIR; };
		FAA9AB16286DDDE5001C3A37 /* AppDelegate.swift */ = {isa = PBXFileReference; lastKnownFileType = sourcecode.swift; path = AppDelegate.swift; sourceTree = "<group>"; };
		FAA9AB20286DDDE5001C3A37 /* ZemogaTechTest.xcdatamodel */ = {isa = PBXFileReference; lastKnownFileType = wrapper.xcdatamodel; path = ZemogaTechTest.xcdatamodel; sourceTree = "<group>"; };
		FAA9AB22286DDDE7001C3A37 /* Assets.xcassets */ = {isa = PBXFileReference; lastKnownFileType = folder.assetcatalog; path = Assets.xcassets; sourceTree = "<group>"; };
		FAA9AB25286DDDE7001C3A37 /* Base */ = {isa = PBXFileReference; lastKnownFileType = file.storyboard; name = Base; path = Base.lproj/LaunchScreen.storyboard; sourceTree = "<group>"; };
		FAA9AB27286DDDE7001C3A37 /* Info.plist */ = {isa = PBXFileReference; lastKnownFileType = text.plist.xml; path = Info.plist; sourceTree = "<group>"; };
		FAA9AB2C286DDDE8001C3A37 /* ZemogaTechTestTests.xctest */ = {isa = PBXFileReference; explicitFileType = wrapper.cfbundle; includeInIndex = 0; path = ZemogaTechTestTests.xctest; sourceTree = BUILT_PRODUCTS_DIR; };
		FAA9AB30286DDDE8001C3A37 /* ZemogaTechTestTests.swift */ = {isa = PBXFileReference; lastKnownFileType = sourcecode.swift; path = ZemogaTechTestTests.swift; sourceTree = "<group>"; };
		FAA9AB36286DDDE8001C3A37 /* ZemogaTechTestUITests.xctest */ = {isa = PBXFileReference; explicitFileType = wrapper.cfbundle; includeInIndex = 0; path = ZemogaTechTestUITests.xctest; sourceTree = BUILT_PRODUCTS_DIR; };
		FAA9AB3A286DDDE8001C3A37 /* ZemogaTechTestUITests.swift */ = {isa = PBXFileReference; lastKnownFileType = sourcecode.swift; path = ZemogaTechTestUITests.swift; sourceTree = "<group>"; };
		FAA9AB3C286DDDE8001C3A37 /* ZemogaTechTestUITestsLaunchTests.swift */ = {isa = PBXFileReference; lastKnownFileType = sourcecode.swift; path = ZemogaTechTestUITestsLaunchTests.swift; sourceTree = "<group>"; };
		FAA9AB4B286DE1B1001C3A37 /* PostListView.swift */ = {isa = PBXFileReference; lastKnownFileType = sourcecode.swift; path = PostListView.swift; sourceTree = "<group>"; };
		FAA9AB4C286DE1B1001C3A37 /* PostListBuilder.swift */ = {isa = PBXFileReference; lastKnownFileType = sourcecode.swift; path = PostListBuilder.swift; sourceTree = "<group>"; };
		FAA9AB4D286DE1B1001C3A37 /* PostListRouter.swift */ = {isa = PBXFileReference; lastKnownFileType = sourcecode.swift; path = PostListRouter.swift; sourceTree = "<group>"; };
		FAA9AB4E286DE1B1001C3A37 /* PostListView.xib */ = {isa = PBXFileReference; lastKnownFileType = file.xib; path = PostListView.xib; sourceTree = "<group>"; };
		FAA9AB4F286DE1B1001C3A37 /* PostListContract.swift */ = {isa = PBXFileReference; lastKnownFileType = sourcecode.swift; path = PostListContract.swift; sourceTree = "<group>"; };
		FAA9AB50286DE1B1001C3A37 /* PostListInteractor.swift */ = {isa = PBXFileReference; lastKnownFileType = sourcecode.swift; path = PostListInteractor.swift; sourceTree = "<group>"; };
		FAA9AB51286DE1B1001C3A37 /* PostListPresenter.swift */ = {isa = PBXFileReference; lastKnownFileType = sourcecode.swift; path = PostListPresenter.swift; sourceTree = "<group>"; };
		FAA9AB5C286DE323001C3A37 /* ViperModuleProtocol.swift */ = {isa = PBXFileReference; fileEncoding = 4; lastKnownFileType = sourcecode.swift; path = ViperModuleProtocol.swift; sourceTree = "<group>"; };
		FAA9AB5D286DE323001C3A37 /* ViperUIModuleProtocol.swift */ = {isa = PBXFileReference; fileEncoding = 4; lastKnownFileType = sourcecode.swift; path = ViperUIModuleProtocol.swift; sourceTree = "<group>"; };
		FAA9AB61286DE59C001C3A37 /* AppDelegateContract.swift */ = {isa = PBXFileReference; fileEncoding = 4; lastKnownFileType = sourcecode.swift; path = AppDelegateContract.swift; sourceTree = "<group>"; };
		FAA9AB62286DE59C001C3A37 /* AppDelegateInteractor.swift */ = {isa = PBXFileReference; fileEncoding = 4; lastKnownFileType = sourcecode.swift; path = AppDelegateInteractor.swift; sourceTree = "<group>"; };
		FAA9AB63286DE59C001C3A37 /* AppDelegateRouter.swift */ = {isa = PBXFileReference; fileEncoding = 4; lastKnownFileType = sourcecode.swift; path = AppDelegateRouter.swift; sourceTree = "<group>"; };
		FAA9AB68286DF578001C3A37 /* PostCell.swift */ = {isa = PBXFileReference; lastKnownFileType = sourcecode.swift; path = PostCell.swift; sourceTree = "<group>"; };
		FAA9AB69286DF578001C3A37 /* PostCell.xib */ = {isa = PBXFileReference; lastKnownFileType = file.xib; path = PostCell.xib; sourceTree = "<group>"; };
		FAA9AB6D286DF8D7001C3A37 /* Post.swift */ = {isa = PBXFileReference; lastKnownFileType = sourcecode.swift; path = Post.swift; sourceTree = "<group>"; };
		FAA9AB6F286DF94D001C3A37 /* Comment.swift */ = {isa = PBXFileReference; lastKnownFileType = sourcecode.swift; path = Comment.swift; sourceTree = "<group>"; };
		FAA9AB72286DFDCD001C3A37 /* PostService.swift */ = {isa = PBXFileReference; lastKnownFileType = sourcecode.swift; path = PostService.swift; sourceTree = "<group>"; };
		FAA9AB74286DFDD7001C3A37 /* APIPostService.swift */ = {isa = PBXFileReference; lastKnownFileType = sourcecode.swift; path = APIPostService.swift; sourceTree = "<group>"; };
		FAA9AB78286DFE8A001C3A37 /* Constants.swift */ = {isa = PBXFileReference; lastKnownFileType = sourcecode.swift; path = Constants.swift; sourceTree = "<group>"; };
		FAA9AB7E286E19C2001C3A37 /* PostDetailView.swift */ = {isa = PBXFileReference; lastKnownFileType = sourcecode.swift; path = PostDetailView.swift; sourceTree = "<group>"; };
		FAA9AB7F286E19C2001C3A37 /* PostDetailBuilder.swift */ = {isa = PBXFileReference; lastKnownFileType = sourcecode.swift; path = PostDetailBuilder.swift; sourceTree = "<group>"; };
		FAA9AB80286E19C2001C3A37 /* PostDetailRouter.swift */ = {isa = PBXFileReference; lastKnownFileType = sourcecode.swift; path = PostDetailRouter.swift; sourceTree = "<group>"; };
		FAA9AB81286E19C2001C3A37 /* PostDetailView.xib */ = {isa = PBXFileReference; lastKnownFileType = file.xib; path = PostDetailView.xib; sourceTree = "<group>"; };
		FAA9AB82286E19C2001C3A37 /* PostDetailContract.swift */ = {isa = PBXFileReference; lastKnownFileType = sourcecode.swift; path = PostDetailContract.swift; sourceTree = "<group>"; };
		FAA9AB83286E19C2001C3A37 /* PostDetailInteractor.swift */ = {isa = PBXFileReference; lastKnownFileType = sourcecode.swift; path = PostDetailInteractor.swift; sourceTree = "<group>"; };
		FAA9AB84286E19C2001C3A37 /* PostDetailPresenter.swift */ = {isa = PBXFileReference; lastKnownFileType = sourcecode.swift; path = PostDetailPresenter.swift; sourceTree = "<group>"; };
		FAA9AB8D286E55B9001C3A37 /* CommentCell.swift */ = {isa = PBXFileReference; lastKnownFileType = sourcecode.swift; path = CommentCell.swift; sourceTree = "<group>"; };
		FAA9AB8E286E55B9001C3A37 /* CommentCell.xib */ = {isa = PBXFileReference; lastKnownFileType = file.xib; path = CommentCell.xib; sourceTree = "<group>"; };
		FAA9AB91286E5776001C3A37 /* DescriptionCell.swift */ = {isa = PBXFileReference; lastKnownFileType = sourcecode.swift; path = DescriptionCell.swift; sourceTree = "<group>"; };
		FAA9AB92286E5776001C3A37 /* DescriptionCell.xib */ = {isa = PBXFileReference; lastKnownFileType = file.xib; path = DescriptionCell.xib; sourceTree = "<group>"; };
		FAA9AB95286E57E5001C3A37 /* UserCell.swift */ = {isa = PBXFileReference; lastKnownFileType = sourcecode.swift; path = UserCell.swift; sourceTree = "<group>"; };
		FAA9AB96286E57E5001C3A37 /* UserCell.xib */ = {isa = PBXFileReference; lastKnownFileType = file.xib; path = UserCell.xib; sourceTree = "<group>"; };
		FAA9AB99286E59CB001C3A37 /* User.swift */ = {isa = PBXFileReference; lastKnownFileType = sourcecode.swift; path = User.swift; sourceTree = "<group>"; };
		FAA9ABBB2871BEA5001C3A37 /* CoreDataService.swift */ = {isa = PBXFileReference; lastKnownFileType = sourcecode.swift; path = CoreDataService.swift; sourceTree = "<group>"; };
		FAA9ABBD2871BEC2001C3A37 /* APICoreDataService.swift */ = {isa = PBXFileReference; lastKnownFileType = sourcecode.swift; path = APICoreDataService.swift; sourceTree = "<group>"; };
/* End PBXFileReference section */

/* Begin PBXFrameworksBuildPhase section */
		FAA9AB10286DDDE5001C3A37 /* Frameworks */ = {
			isa = PBXFrameworksBuildPhase;
			buildActionMask = 2147483647;
			files = (
				32F5562502A36F166CDA08E9 /* Pods_ZemogaTechTest.framework in Frameworks */,
			);
			runOnlyForDeploymentPostprocessing = 0;
		};
		FAA9AB29286DDDE8001C3A37 /* Frameworks */ = {
			isa = PBXFrameworksBuildPhase;
			buildActionMask = 2147483647;
			files = (
				8CCB3AA4FB3A26D87C1A0EBA /* Pods_ZemogaTechTestTests.framework in Frameworks */,
			);
			runOnlyForDeploymentPostprocessing = 0;
		};
		FAA9AB33286DDDE8001C3A37 /* Frameworks */ = {
			isa = PBXFrameworksBuildPhase;
			buildActionMask = 2147483647;
			files = (
			);
			runOnlyForDeploymentPostprocessing = 0;
		};
/* End PBXFrameworksBuildPhase section */

/* Begin PBXGroup section */
		5B3D3ACE3F9B6AE521040A93 /* Pods */ = {
			isa = PBXGroup;
			children = (
				0D602B52255545DDF3B79A06 /* Pods-ZemogaTechTest.debug.xcconfig */,
				215FD7469E16388A12E7AFAC /* Pods-ZemogaTechTest.release.xcconfig */,
				57D240690DE0540A16AAD8A0 /* Pods-ZemogaTechTestTests.debug.xcconfig */,
				E69096233596C6877CC21467 /* Pods-ZemogaTechTestTests.release.xcconfig */,
			);
			path = Pods;
			sourceTree = "<group>";
		};
		67F78B03D1E41F8A9A5B4472 /* Frameworks */ = {
			isa = PBXGroup;
			children = (
				833F177A24932616CBE96A65 /* Pods_ZemogaTechTest.framework */,
				9B6359AFB24AE63CB8B767CD /* Pods_ZemogaTechTestTests.framework */,
			);
			name = Frameworks;
			sourceTree = "<group>";
		};
		FAA9AB0A286DDDE5001C3A37 = {
			isa = PBXGroup;
			children = (
				FAA9AB15286DDDE5001C3A37 /* ZemogaTechTest */,
				FAA9AB2F286DDDE8001C3A37 /* ZemogaTechTestTests */,
				FAA9AB39286DDDE8001C3A37 /* ZemogaTechTestUITests */,
				FAA9AB14286DDDE5001C3A37 /* Products */,
				5B3D3ACE3F9B6AE521040A93 /* Pods */,
				67F78B03D1E41F8A9A5B4472 /* Frameworks */,
			);
			sourceTree = "<group>";
		};
		FAA9AB14286DDDE5001C3A37 /* Products */ = {
			isa = PBXGroup;
			children = (
				FAA9AB13286DDDE5001C3A37 /* ZemogaTechTest.app */,
				FAA9AB2C286DDDE8001C3A37 /* ZemogaTechTestTests.xctest */,
				FAA9AB36286DDDE8001C3A37 /* ZemogaTechTestUITests.xctest */,
			);
			name = Products;
			sourceTree = "<group>";
		};
		FAA9AB15286DDDE5001C3A37 /* ZemogaTechTest */ = {
			isa = PBXGroup;
			children = (
				FAA9AB27286DDDE7001C3A37 /* Info.plist */,
				FAA9AB22286DDDE7001C3A37 /* Assets.xcassets */,
				FAA9AB60286DE58A001C3A37 /* AppDelegate */,
				FAA9AB71286DFDB2001C3A37 /* Services */,
				FAA9AB6C286DF8B8001C3A37 /* Models */,
				FAA9AB5A286DE298001C3A37 /* Modules */,
				FAA9AB59286DE287001C3A37 /* Tools */,
				FAA9AB1F286DDDE5001C3A37 /* ZemogaTechTest.xcdatamodeld */,
			);
			path = ZemogaTechTest;
			sourceTree = "<group>";
		};
		FAA9AB2F286DDDE8001C3A37 /* ZemogaTechTestTests */ = {
			isa = PBXGroup;
			children = (
				FAA9AB30286DDDE8001C3A37 /* ZemogaTechTestTests.swift */,
			);
			path = ZemogaTechTestTests;
			sourceTree = "<group>";
		};
		FAA9AB39286DDDE8001C3A37 /* ZemogaTechTestUITests */ = {
			isa = PBXGroup;
			children = (
				FAA9AB3A286DDDE8001C3A37 /* ZemogaTechTestUITests.swift */,
				FAA9AB3C286DDDE8001C3A37 /* ZemogaTechTestUITestsLaunchTests.swift */,
			);
			path = ZemogaTechTestUITests;
			sourceTree = "<group>";
		};
		FAA9AB49286DE142001C3A37 /* PostList */ = {
			isa = PBXGroup;
			children = (
				FAA9AB67286DF48D001C3A37 /* Cell */,
				FAA9AB4C286DE1B1001C3A37 /* PostListBuilder.swift */,
				FAA9AB4F286DE1B1001C3A37 /* PostListContract.swift */,
				FAA9AB50286DE1B1001C3A37 /* PostListInteractor.swift */,
				FAA9AB51286DE1B1001C3A37 /* PostListPresenter.swift */,
				FAA9AB4D286DE1B1001C3A37 /* PostListRouter.swift */,
				FAA9AB4B286DE1B1001C3A37 /* PostListView.swift */,
				FAA9AB4E286DE1B1001C3A37 /* PostListView.xib */,
			);
			path = PostList;
			sourceTree = "<group>";
		};
		FAA9AB4A286DE150001C3A37 /* PostDetail */ = {
			isa = PBXGroup;
			children = (
				FAA9AB8C286E55A9001C3A37 /* Cell */,
				FAA9AB7F286E19C2001C3A37 /* PostDetailBuilder.swift */,
				FAA9AB82286E19C2001C3A37 /* PostDetailContract.swift */,
				FAA9AB83286E19C2001C3A37 /* PostDetailInteractor.swift */,
				FAA9AB84286E19C2001C3A37 /* PostDetailPresenter.swift */,
				FAA9AB80286E19C2001C3A37 /* PostDetailRouter.swift */,
				FAA9AB7E286E19C2001C3A37 /* PostDetailView.swift */,
				FAA9AB81286E19C2001C3A37 /* PostDetailView.xib */,
			);
			path = PostDetail;
			sourceTree = "<group>";
		};
		FAA9AB59286DE287001C3A37 /* Tools */ = {
			isa = PBXGroup;
			children = (
				FAA9AB5B286DE312001C3A37 /* Viper */,
			);
			path = Tools;
			sourceTree = "<group>";
		};
		FAA9AB5A286DE298001C3A37 /* Modules */ = {
			isa = PBXGroup;
			children = (
				FAA9AB4A286DE150001C3A37 /* PostDetail */,
				FAA9AB49286DE142001C3A37 /* PostList */,
			);
			path = Modules;
			sourceTree = "<group>";
		};
		FAA9AB5B286DE312001C3A37 /* Viper */ = {
			isa = PBXGroup;
			children = (
				FAA9AB5C286DE323001C3A37 /* ViperModuleProtocol.swift */,
				FAA9AB5D286DE323001C3A37 /* ViperUIModuleProtocol.swift */,
			);
			path = Viper;
			sourceTree = "<group>";
		};
		FAA9AB60286DE58A001C3A37 /* AppDelegate */ = {
			isa = PBXGroup;
			children = (
				FAA9AB24286DDDE7001C3A37 /* LaunchScreen.storyboard */,
				FAA9AB16286DDDE5001C3A37 /* AppDelegate.swift */,
				FAA9AB61286DE59C001C3A37 /* AppDelegateContract.swift */,
				FAA9AB62286DE59C001C3A37 /* AppDelegateInteractor.swift */,
				FAA9AB63286DE59C001C3A37 /* AppDelegateRouter.swift */,
			);
			path = AppDelegate;
			sourceTree = "<group>";
		};
		FAA9AB67286DF48D001C3A37 /* Cell */ = {
			isa = PBXGroup;
			children = (
				FAA9AB68286DF578001C3A37 /* PostCell.swift */,
				FAA9AB69286DF578001C3A37 /* PostCell.xib */,
			);
			path = Cell;
			sourceTree = "<group>";
		};
		FAA9AB6C286DF8B8001C3A37 /* Models */ = {
			isa = PBXGroup;
			children = (
				FAA9AB6D286DF8D7001C3A37 /* Post.swift */,
				FAA9AB6F286DF94D001C3A37 /* Comment.swift */,
				FAA9AB99286E59CB001C3A37 /* User.swift */,
			);
			path = Models;
			sourceTree = "<group>";
		};
		FAA9AB71286DFDB2001C3A37 /* Services */ = {
			isa = PBXGroup;
			children = (
				FAA9ABC02873757E001C3A37 /* CoreData */,
				FAA9ABBF28737570001C3A37 /* Post */,
				FAA9AB78286DFE8A001C3A37 /* Constants.swift */,
			);
			path = Services;
			sourceTree = "<group>";
		};
		FAA9AB8C286E55A9001C3A37 /* Cell */ = {
			isa = PBXGroup;
			children = (
				FAA9AB8D286E55B9001C3A37 /* CommentCell.swift */,
				FAA9AB8E286E55B9001C3A37 /* CommentCell.xib */,
				FAA9AB91286E5776001C3A37 /* DescriptionCell.swift */,
				FAA9AB92286E5776001C3A37 /* DescriptionCell.xib */,
				FAA9AB95286E57E5001C3A37 /* UserCell.swift */,
				FAA9AB96286E57E5001C3A37 /* UserCell.xib */,
			);
			path = Cell;
			sourceTree = "<group>";
		};
		FAA9ABBF28737570001C3A37 /* Post */ = {
			isa = PBXGroup;
			children = (
				FAA9AB72286DFDCD001C3A37 /* PostService.swift */,
				FAA9AB74286DFDD7001C3A37 /* APIPostService.swift */,
			);
			path = Post;
			sourceTree = "<group>";
		};
		FAA9ABC02873757E001C3A37 /* CoreData */ = {
			isa = PBXGroup;
			children = (
				FAA9ABBB2871BEA5001C3A37 /* CoreDataService.swift */,
				FAA9ABBD2871BEC2001C3A37 /* APICoreDataService.swift */,
			);
			path = CoreData;
			sourceTree = "<group>";
		};
/* End PBXGroup section */

/* Begin PBXNativeTarget section */
		FAA9AB12286DDDE5001C3A37 /* ZemogaTechTest */ = {
			isa = PBXNativeTarget;
			buildConfigurationList = FAA9AB40286DDDE8001C3A37 /* Build configuration list for PBXNativeTarget "ZemogaTechTest" */;
			buildPhases = (
				0C05253569FADE8ED227A727 /* [CP] Check Pods Manifest.lock */,
				FAA9AB0F286DDDE5001C3A37 /* Sources */,
				FAA9AB10286DDDE5001C3A37 /* Frameworks */,
				FAA9AB11286DDDE5001C3A37 /* Resources */,
				9225FFC5715C1DF29E974832 /* [CP] Embed Pods Frameworks */,
			);
			buildRules = (
			);
			dependencies = (
			);
			name = ZemogaTechTest;
			productName = ZemogaTechTest;
			productReference = FAA9AB13286DDDE5001C3A37 /* ZemogaTechTest.app */;
			productType = "com.apple.product-type.application";
		};
		FAA9AB2B286DDDE8001C3A37 /* ZemogaTechTestTests */ = {
			isa = PBXNativeTarget;
			buildConfigurationList = FAA9AB43286DDDE8001C3A37 /* Build configuration list for PBXNativeTarget "ZemogaTechTestTests" */;
			buildPhases = (
				0BD3A1CAAF87DB79EBCC4CBF /* [CP] Check Pods Manifest.lock */,
				FAA9AB28286DDDE8001C3A37 /* Sources */,
				FAA9AB29286DDDE8001C3A37 /* Frameworks */,
				FAA9AB2A286DDDE8001C3A37 /* Resources */,
			);
			buildRules = (
			);
			dependencies = (
				FAA9AB2E286DDDE8001C3A37 /* PBXTargetDependency */,
			);
			name = ZemogaTechTestTests;
			productName = ZemogaTechTestTests;
			productReference = FAA9AB2C286DDDE8001C3A37 /* ZemogaTechTestTests.xctest */;
			productType = "com.apple.product-type.bundle.unit-test";
		};
		FAA9AB35286DDDE8001C3A37 /* ZemogaTechTestUITests */ = {
			isa = PBXNativeTarget;
			buildConfigurationList = FAA9AB46286DDDE8001C3A37 /* Build configuration list for PBXNativeTarget "ZemogaTechTestUITests" */;
			buildPhases = (
				FAA9AB32286DDDE8001C3A37 /* Sources */,
				FAA9AB33286DDDE8001C3A37 /* Frameworks */,
				FAA9AB34286DDDE8001C3A37 /* Resources */,
			);
			buildRules = (
			);
			dependencies = (
				FAA9AB38286DDDE8001C3A37 /* PBXTargetDependency */,
			);
			name = ZemogaTechTestUITests;
			productName = ZemogaTechTestUITests;
			productReference = FAA9AB36286DDDE8001C3A37 /* ZemogaTechTestUITests.xctest */;
			productType = "com.apple.product-type.bundle.ui-testing";
		};
/* End PBXNativeTarget section */

/* Begin PBXProject section */
		FAA9AB0B286DDDE5001C3A37 /* Project object */ = {
			isa = PBXProject;
			attributes = {
				BuildIndependentTargetsInParallel = 1;
				LastSwiftUpdateCheck = 1330;
				LastUpgradeCheck = 1330;
				TargetAttributes = {
					FAA9AB12286DDDE5001C3A37 = {
						CreatedOnToolsVersion = 13.3.1;
					};
					FAA9AB2B286DDDE8001C3A37 = {
						CreatedOnToolsVersion = 13.3.1;
						TestTargetID = FAA9AB12286DDDE5001C3A37;
					};
					FAA9AB35286DDDE8001C3A37 = {
						CreatedOnToolsVersion = 13.3.1;
						TestTargetID = FAA9AB12286DDDE5001C3A37;
					};
				};
			};
			buildConfigurationList = FAA9AB0E286DDDE5001C3A37 /* Build configuration list for PBXProject "ZemogaTechTest" */;
			compatibilityVersion = "Xcode 13.0";
			developmentRegion = en;
			hasScannedForEncodings = 0;
			knownRegions = (
				en,
				Base,
			);
			mainGroup = FAA9AB0A286DDDE5001C3A37;
			productRefGroup = FAA9AB14286DDDE5001C3A37 /* Products */;
			projectDirPath = "";
			projectRoot = "";
			targets = (
				FAA9AB12286DDDE5001C3A37 /* ZemogaTechTest */,
				FAA9AB2B286DDDE8001C3A37 /* ZemogaTechTestTests */,
				FAA9AB35286DDDE8001C3A37 /* ZemogaTechTestUITests */,
			);
		};
/* End PBXProject section */

/* Begin PBXResourcesBuildPhase section */
		FAA9AB11286DDDE5001C3A37 /* Resources */ = {
			isa = PBXResourcesBuildPhase;
			buildActionMask = 2147483647;
			files = (
				FAA9AB55286DE1B1001C3A37 /* PostListView.xib in Resources */,
				FAA9AB26286DDDE7001C3A37 /* LaunchScreen.storyboard in Resources */,
				FAA9AB23286DDDE7001C3A37 /* Assets.xcassets in Resources */,
				FAA9AB90286E55B9001C3A37 /* CommentCell.xib in Resources */,
				FAA9AB98286E57E5001C3A37 /* UserCell.xib in Resources */,
				FAA9AB6B286DF578001C3A37 /* PostCell.xib in Resources */,
				FAA9AB94286E5776001C3A37 /* DescriptionCell.xib in Resources */,
				FAA9AB88286E19C2001C3A37 /* PostDetailView.xib in Resources */,
			);
			runOnlyForDeploymentPostprocessing = 0;
		};
		FAA9AB2A286DDDE8001C3A37 /* Resources */ = {
			isa = PBXResourcesBuildPhase;
			buildActionMask = 2147483647;
			files = (
			);
			runOnlyForDeploymentPostprocessing = 0;
		};
		FAA9AB34286DDDE8001C3A37 /* Resources */ = {
			isa = PBXResourcesBuildPhase;
			buildActionMask = 2147483647;
			files = (
			);
			runOnlyForDeploymentPostprocessing = 0;
		};
/* End PBXResourcesBuildPhase section */

/* Begin PBXShellScriptBuildPhase section */
		0BD3A1CAAF87DB79EBCC4CBF /* [CP] Check Pods Manifest.lock */ = {
			isa = PBXShellScriptBuildPhase;
			buildActionMask = 2147483647;
			files = (
			);
			inputFileListPaths = (
			);
			inputPaths = (
				"${PODS_PODFILE_DIR_PATH}/Podfile.lock",
				"${PODS_ROOT}/Manifest.lock",
			);
			name = "[CP] Check Pods Manifest.lock";
			outputFileListPaths = (
			);
			outputPaths = (
				"$(DERIVED_FILE_DIR)/Pods-ZemogaTechTestTests-checkManifestLockResult.txt",
			);
			runOnlyForDeploymentPostprocessing = 0;
			shellPath = /bin/sh;
			shellScript = "diff \"${PODS_PODFILE_DIR_PATH}/Podfile.lock\" \"${PODS_ROOT}/Manifest.lock\" > /dev/null\nif [ $? != 0 ] ; then\n    # print error to STDERR\n    echo \"error: The sandbox is not in sync with the Podfile.lock. Run 'pod install' or update your CocoaPods installation.\" >&2\n    exit 1\nfi\n# This output is used by Xcode 'outputs' to avoid re-running this script phase.\necho \"SUCCESS\" > \"${SCRIPT_OUTPUT_FILE_0}\"\n";
			showEnvVarsInLog = 0;
		};
		0C05253569FADE8ED227A727 /* [CP] Check Pods Manifest.lock */ = {
			isa = PBXShellScriptBuildPhase;
			buildActionMask = 2147483647;
			files = (
			);
			inputFileListPaths = (
			);
			inputPaths = (
				"${PODS_PODFILE_DIR_PATH}/Podfile.lock",
				"${PODS_ROOT}/Manifest.lock",
			);
			name = "[CP] Check Pods Manifest.lock";
			outputFileListPaths = (
			);
			outputPaths = (
				"$(DERIVED_FILE_DIR)/Pods-ZemogaTechTest-checkManifestLockResult.txt",
			);
			runOnlyForDeploymentPostprocessing = 0;
			shellPath = /bin/sh;
			shellScript = "diff \"${PODS_PODFILE_DIR_PATH}/Podfile.lock\" \"${PODS_ROOT}/Manifest.lock\" > /dev/null\nif [ $? != 0 ] ; then\n    # print error to STDERR\n    echo \"error: The sandbox is not in sync with the Podfile.lock. Run 'pod install' or update your CocoaPods installation.\" >&2\n    exit 1\nfi\n# This output is used by Xcode 'outputs' to avoid re-running this script phase.\necho \"SUCCESS\" > \"${SCRIPT_OUTPUT_FILE_0}\"\n";
			showEnvVarsInLog = 0;
		};
		9225FFC5715C1DF29E974832 /* [CP] Embed Pods Frameworks */ = {
			isa = PBXShellScriptBuildPhase;
			buildActionMask = 2147483647;
			files = (
			);
			inputFileListPaths = (
				"${PODS_ROOT}/Target Support Files/Pods-ZemogaTechTest/Pods-ZemogaTechTest-frameworks-${CONFIGURATION}-input-files.xcfilelist",
			);
			name = "[CP] Embed Pods Frameworks";
			outputFileListPaths = (
				"${PODS_ROOT}/Target Support Files/Pods-ZemogaTechTest/Pods-ZemogaTechTest-frameworks-${CONFIGURATION}-output-files.xcfilelist",
			);
			runOnlyForDeploymentPostprocessing = 0;
			shellPath = /bin/sh;
			shellScript = "\"${PODS_ROOT}/Target Support Files/Pods-ZemogaTechTest/Pods-ZemogaTechTest-frameworks.sh\"\n";
			showEnvVarsInLog = 0;
		};
/* End PBXShellScriptBuildPhase section */

/* Begin PBXSourcesBuildPhase section */
		FAA9AB0F286DDDE5001C3A37 /* Sources */ = {
			isa = PBXSourcesBuildPhase;
			buildActionMask = 2147483647;
			files = (
				FAA9AB75286DFDD7001C3A37 /* APIPostService.swift in Sources */,
				FAA9ABBE2871BEC2001C3A37 /* APICoreDataService.swift in Sources */,
				FAA9AB57286DE1B1001C3A37 /* PostListInteractor.swift in Sources */,
				FAA9AB89286E19C2001C3A37 /* PostDetailContract.swift in Sources */,
				FAA9AB53286DE1B1001C3A37 /* PostListBuilder.swift in Sources */,
				FAA9AB17286DDDE5001C3A37 /* AppDelegate.swift in Sources */,
				FAA9AB65286DE59C001C3A37 /* AppDelegateInteractor.swift in Sources */,
				FAA9AB21286DDDE5001C3A37 /* ZemogaTechTest.xcdatamodeld in Sources */,
				FAA9AB8A286E19C2001C3A37 /* PostDetailInteractor.swift in Sources */,
				FAA9AB9A286E59CB001C3A37 /* User.swift in Sources */,
				FAA9AB93286E5776001C3A37 /* DescriptionCell.swift in Sources */,
				FAA9AB52286DE1B1001C3A37 /* PostListView.swift in Sources */,
				FAA9AB5F286DE323001C3A37 /* ViperUIModuleProtocol.swift in Sources */,
				FAA9AB6A286DF578001C3A37 /* PostCell.swift in Sources */,
				FAA9AB73286DFDCD001C3A37 /* PostService.swift in Sources */,
				FAA9AB66286DE59C001C3A37 /* AppDelegateRouter.swift in Sources */,
				FAA9AB6E286DF8D7001C3A37 /* Post.swift in Sources */,
				FAA9AB8F286E55B9001C3A37 /* CommentCell.swift in Sources */,
				FAA9AB97286E57E5001C3A37 /* UserCell.swift in Sources */,
				FAA9ABBC2871BEA5001C3A37 /* CoreDataService.swift in Sources */,
				FAA9AB64286DE59C001C3A37 /* AppDelegateContract.swift in Sources */,
				FAA9AB87286E19C2001C3A37 /* PostDetailRouter.swift in Sources */,
				FAA9AB70286DF94D001C3A37 /* Comment.swift in Sources */,
				FAA9AB79286DFE8A001C3A37 /* Constants.swift in Sources */,
				FAA9AB54286DE1B1001C3A37 /* PostListRouter.swift in Sources */,
				FAA9AB86286E19C2001C3A37 /* PostDetailBuilder.swift in Sources */,
				FAA9AB56286DE1B1001C3A37 /* PostListContract.swift in Sources */,
				FAA9AB8B286E19C2001C3A37 /* PostDetailPresenter.swift in Sources */,
				FAA9AB85286E19C2001C3A37 /* PostDetailView.swift in Sources */,
				FAA9AB5E286DE323001C3A37 /* ViperModuleProtocol.swift in Sources */,
				FAA9AB58286DE1B1001C3A37 /* PostListPresenter.swift in Sources */,
			);
			runOnlyForDeploymentPostprocessing = 0;
		};
		FAA9AB28286DDDE8001C3A37 /* Sources */ = {
			isa = PBXSourcesBuildPhase;
			buildActionMask = 2147483647;
			files = (
				FAA9AB31286DDDE8001C3A37 /* ZemogaTechTestTests.swift in Sources */,
			);
			runOnlyForDeploymentPostprocessing = 0;
		};
		FAA9AB32286DDDE8001C3A37 /* Sources */ = {
			isa = PBXSourcesBuildPhase;
			buildActionMask = 2147483647;
			files = (
				FAA9AB3B286DDDE8001C3A37 /* ZemogaTechTestUITests.swift in Sources */,
				FAA9AB3D286DDDE8001C3A37 /* ZemogaTechTestUITestsLaunchTests.swift in Sources */,
			);
			runOnlyForDeploymentPostprocessing = 0;
		};
/* End PBXSourcesBuildPhase section */

/* Begin PBXTargetDependency section */
		FAA9AB2E286DDDE8001C3A37 /* PBXTargetDependency */ = {
			isa = PBXTargetDependency;
			target = FAA9AB12286DDDE5001C3A37 /* ZemogaTechTest */;
			targetProxy = FAA9AB2D286DDDE8001C3A37 /* PBXContainerItemProxy */;
		};
		FAA9AB38286DDDE8001C3A37 /* PBXTargetDependency */ = {
			isa = PBXTargetDependency;
			target = FAA9AB12286DDDE5001C3A37 /* ZemogaTechTest */;
			targetProxy = FAA9AB37286DDDE8001C3A37 /* PBXContainerItemProxy */;
		};
/* End PBXTargetDependency section */

/* Begin PBXVariantGroup section */
		FAA9AB24286DDDE7001C3A37 /* LaunchScreen.storyboard */ = {
			isa = PBXVariantGroup;
			children = (
				FAA9AB25286DDDE7001C3A37 /* Base */,
			);
			name = LaunchScreen.storyboard;
			sourceTree = "<group>";
		};
/* End PBXVariantGroup section */

/* Begin XCBuildConfiguration section */
		FAA9AB3E286DDDE8001C3A37 /* Debug */ = {
			isa = XCBuildConfiguration;
			buildSettings = {
				ALWAYS_SEARCH_USER_PATHS = NO;
				CLANG_ANALYZER_NONNULL = YES;
				CLANG_ANALYZER_NUMBER_OBJECT_CONVERSION = YES_AGGRESSIVE;
				CLANG_CXX_LANGUAGE_STANDARD = "gnu++17";
				CLANG_ENABLE_MODULES = YES;
				CLANG_ENABLE_OBJC_ARC = YES;
				CLANG_ENABLE_OBJC_WEAK = YES;
				CLANG_WARN_BLOCK_CAPTURE_AUTORELEASING = YES;
				CLANG_WARN_BOOL_CONVERSION = YES;
				CLANG_WARN_COMMA = YES;
				CLANG_WARN_CONSTANT_CONVERSION = YES;
				CLANG_WARN_DEPRECATED_OBJC_IMPLEMENTATIONS = YES;
				CLANG_WARN_DIRECT_OBJC_ISA_USAGE = YES_ERROR;
				CLANG_WARN_DOCUMENTATION_COMMENTS = YES;
				CLANG_WARN_EMPTY_BODY = YES;
				CLANG_WARN_ENUM_CONVERSION = YES;
				CLANG_WARN_INFINITE_RECURSION = YES;
				CLANG_WARN_INT_CONVERSION = YES;
				CLANG_WARN_NON_LITERAL_NULL_CONVERSION = YES;
				CLANG_WARN_OBJC_IMPLICIT_RETAIN_SELF = YES;
				CLANG_WARN_OBJC_LITERAL_CONVERSION = YES;
				CLANG_WARN_OBJC_ROOT_CLASS = YES_ERROR;
				CLANG_WARN_QUOTED_INCLUDE_IN_FRAMEWORK_HEADER = YES;
				CLANG_WARN_RANGE_LOOP_ANALYSIS = YES;
				CLANG_WARN_STRICT_PROTOTYPES = YES;
				CLANG_WARN_SUSPICIOUS_MOVE = YES;
				CLANG_WARN_UNGUARDED_AVAILABILITY = YES_AGGRESSIVE;
				CLANG_WARN_UNREACHABLE_CODE = YES;
				CLANG_WARN__DUPLICATE_METHOD_MATCH = YES;
				COPY_PHASE_STRIP = NO;
				DEBUG_INFORMATION_FORMAT = dwarf;
				ENABLE_STRICT_OBJC_MSGSEND = YES;
				ENABLE_TESTABILITY = YES;
				GCC_C_LANGUAGE_STANDARD = gnu11;
				GCC_DYNAMIC_NO_PIC = NO;
				GCC_NO_COMMON_BLOCKS = YES;
				GCC_OPTIMIZATION_LEVEL = 0;
				GCC_PREPROCESSOR_DEFINITIONS = (
					"DEBUG=1",
					"$(inherited)",
				);
				GCC_WARN_64_TO_32_BIT_CONVERSION = YES;
				GCC_WARN_ABOUT_RETURN_TYPE = YES_ERROR;
				GCC_WARN_UNDECLARED_SELECTOR = YES;
				GCC_WARN_UNINITIALIZED_AUTOS = YES_AGGRESSIVE;
				GCC_WARN_UNUSED_FUNCTION = YES;
				GCC_WARN_UNUSED_VARIABLE = YES;
				IPHONEOS_DEPLOYMENT_TARGET = 15.4;
				MTL_ENABLE_DEBUG_INFO = INCLUDE_SOURCE;
				MTL_FAST_MATH = YES;
				ONLY_ACTIVE_ARCH = YES;
				SDKROOT = iphoneos;
				SWIFT_ACTIVE_COMPILATION_CONDITIONS = DEBUG;
				SWIFT_OPTIMIZATION_LEVEL = "-Onone";
			};
			name = Debug;
		};
		FAA9AB3F286DDDE8001C3A37 /* Release */ = {
			isa = XCBuildConfiguration;
			buildSettings = {
				ALWAYS_SEARCH_USER_PATHS = NO;
				CLANG_ANALYZER_NONNULL = YES;
				CLANG_ANALYZER_NUMBER_OBJECT_CONVERSION = YES_AGGRESSIVE;
				CLANG_CXX_LANGUAGE_STANDARD = "gnu++17";
				CLANG_ENABLE_MODULES = YES;
				CLANG_ENABLE_OBJC_ARC = YES;
				CLANG_ENABLE_OBJC_WEAK = YES;
				CLANG_WARN_BLOCK_CAPTURE_AUTORELEASING = YES;
				CLANG_WARN_BOOL_CONVERSION = YES;
				CLANG_WARN_COMMA = YES;
				CLANG_WARN_CONSTANT_CONVERSION = YES;
				CLANG_WARN_DEPRECATED_OBJC_IMPLEMENTATIONS = YES;
				CLANG_WARN_DIRECT_OBJC_ISA_USAGE = YES_ERROR;
				CLANG_WARN_DOCUMENTATION_COMMENTS = YES;
				CLANG_WARN_EMPTY_BODY = YES;
				CLANG_WARN_ENUM_CONVERSION = YES;
				CLANG_WARN_INFINITE_RECURSION = YES;
				CLANG_WARN_INT_CONVERSION = YES;
				CLANG_WARN_NON_LITERAL_NULL_CONVERSION = YES;
				CLANG_WARN_OBJC_IMPLICIT_RETAIN_SELF = YES;
				CLANG_WARN_OBJC_LITERAL_CONVERSION = YES;
				CLANG_WARN_OBJC_ROOT_CLASS = YES_ERROR;
				CLANG_WARN_QUOTED_INCLUDE_IN_FRAMEWORK_HEADER = YES;
				CLANG_WARN_RANGE_LOOP_ANALYSIS = YES;
				CLANG_WARN_STRICT_PROTOTYPES = YES;
				CLANG_WARN_SUSPICIOUS_MOVE = YES;
				CLANG_WARN_UNGUARDED_AVAILABILITY = YES_AGGRESSIVE;
				CLANG_WARN_UNREACHABLE_CODE = YES;
				CLANG_WARN__DUPLICATE_METHOD_MATCH = YES;
				COPY_PHASE_STRIP = NO;
				DEBUG_INFORMATION_FORMAT = "dwarf-with-dsym";
				ENABLE_NS_ASSERTIONS = NO;
				ENABLE_STRICT_OBJC_MSGSEND = YES;
				GCC_C_LANGUAGE_STANDARD = gnu11;
				GCC_NO_COMMON_BLOCKS = YES;
				GCC_WARN_64_TO_32_BIT_CONVERSION = YES;
				GCC_WARN_ABOUT_RETURN_TYPE = YES_ERROR;
				GCC_WARN_UNDECLARED_SELECTOR = YES;
				GCC_WARN_UNINITIALIZED_AUTOS = YES_AGGRESSIVE;
				GCC_WARN_UNUSED_FUNCTION = YES;
				GCC_WARN_UNUSED_VARIABLE = YES;
				IPHONEOS_DEPLOYMENT_TARGET = 15.4;
				MTL_ENABLE_DEBUG_INFO = NO;
				MTL_FAST_MATH = YES;
				SDKROOT = iphoneos;
				SWIFT_COMPILATION_MODE = wholemodule;
				SWIFT_OPTIMIZATION_LEVEL = "-O";
				VALIDATE_PRODUCT = YES;
			};
			name = Release;
		};
		FAA9AB41286DDDE8001C3A37 /* Debug */ = {
			isa = XCBuildConfiguration;
			baseConfigurationReference = 0D602B52255545DDF3B79A06 /* Pods-ZemogaTechTest.debug.xcconfig */;
			buildSettings = {
				ASSETCATALOG_COMPILER_APPICON_NAME = AppIcon;
				ASSETCATALOG_COMPILER_GLOBAL_ACCENT_COLOR_NAME = AccentColor;
				CODE_SIGN_STYLE = Automatic;
				CURRENT_PROJECT_VERSION = 1;
				DEVELOPMENT_TEAM = 8ZY9G55982;
				GENERATE_INFOPLIST_FILE = YES;
				INFOPLIST_FILE = ZemogaTechTest/Info.plist;
				INFOPLIST_KEY_UIApplicationSupportsIndirectInputEvents = YES;
				INFOPLIST_KEY_UILaunchStoryboardName = LaunchScreen;
				INFOPLIST_KEY_UISupportedInterfaceOrientations = UIInterfaceOrientationPortrait;
				INFOPLIST_KEY_UISupportedInterfaceOrientations_iPad = "UIInterfaceOrientationPortrait UIInterfaceOrientationPortraitUpsideDown UIInterfaceOrientationLandscapeLeft UIInterfaceOrientationLandscapeRight";
				INFOPLIST_KEY_UISupportedInterfaceOrientations_iPhone = "UIInterfaceOrientationPortrait UIInterfaceOrientationLandscapeLeft UIInterfaceOrientationLandscapeRight";
				LD_RUNPATH_SEARCH_PATHS = (
					"$(inherited)",
					"@executable_path/Frameworks",
				);
				MARKETING_VERSION = 1.0;
				PRODUCT_BUNDLE_IDENTIFIER = com.usabalza.ZemogaTechTest;
				PRODUCT_NAME = "$(TARGET_NAME)";
				SWIFT_EMIT_LOC_STRINGS = YES;
				SWIFT_VERSION = 5.0;
				TARGETED_DEVICE_FAMILY = "1,2";
			};
			name = Debug;
		};
		FAA9AB42286DDDE8001C3A37 /* Release */ = {
			isa = XCBuildConfiguration;
			baseConfigurationReference = 215FD7469E16388A12E7AFAC /* Pods-ZemogaTechTest.release.xcconfig */;
			buildSettings = {
				ASSETCATALOG_COMPILER_APPICON_NAME = AppIcon;
				ASSETCATALOG_COMPILER_GLOBAL_ACCENT_COLOR_NAME = AccentColor;
				CODE_SIGN_STYLE = Automatic;
				CURRENT_PROJECT_VERSION = 1;
				DEVELOPMENT_TEAM = 8ZY9G55982;
				GENERATE_INFOPLIST_FILE = YES;
				INFOPLIST_FILE = ZemogaTechTest/Info.plist;
				INFOPLIST_KEY_UIApplicationSupportsIndirectInputEvents = YES;
				INFOPLIST_KEY_UILaunchStoryboardName = LaunchScreen;
				INFOPLIST_KEY_UISupportedInterfaceOrientations = UIInterfaceOrientationPortrait;
				INFOPLIST_KEY_UISupportedInterfaceOrientations_iPad = "UIInterfaceOrientationPortrait UIInterfaceOrientationPortraitUpsideDown UIInterfaceOrientationLandscapeLeft UIInterfaceOrientationLandscapeRight";
				INFOPLIST_KEY_UISupportedInterfaceOrientations_iPhone = "UIInterfaceOrientationPortrait UIInterfaceOrientationLandscapeLeft UIInterfaceOrientationLandscapeRight";
				LD_RUNPATH_SEARCH_PATHS = (
					"$(inherited)",
					"@executable_path/Frameworks",
				);
				MARKETING_VERSION = 1.0;
				PRODUCT_BUNDLE_IDENTIFIER = com.usabalza.ZemogaTechTest;
				PRODUCT_NAME = "$(TARGET_NAME)";
				SWIFT_EMIT_LOC_STRINGS = YES;
				SWIFT_VERSION = 5.0;
				TARGETED_DEVICE_FAMILY = "1,2";
			};
			name = Release;
		};
		FAA9AB44286DDDE8001C3A37 /* Debug */ = {
			isa = XCBuildConfiguration;
			baseConfigurationReference = 57D240690DE0540A16AAD8A0 /* Pods-ZemogaTechTestTests.debug.xcconfig */;
			buildSettings = {
				ALWAYS_EMBED_SWIFT_STANDARD_LIBRARIES = YES;
				BUNDLE_LOADER = "$(TEST_HOST)";
				CODE_SIGN_STYLE = Automatic;
				CURRENT_PROJECT_VERSION = 1;
				DEVELOPMENT_TEAM = 8ZY9G55982;
				GENERATE_INFOPLIST_FILE = YES;
				IPHONEOS_DEPLOYMENT_TARGET = 15.4;
				MARKETING_VERSION = 1.0;
				PRODUCT_BUNDLE_IDENTIFIER = com.usabalza.ZemogaTechTestTests;
				PRODUCT_NAME = "$(TARGET_NAME)";
				SWIFT_EMIT_LOC_STRINGS = NO;
				SWIFT_VERSION = 5.0;
				TARGETED_DEVICE_FAMILY = "1,2";
				TEST_HOST = "$(BUILT_PRODUCTS_DIR)/ZemogaTechTest.app/ZemogaTechTest";
			};
			name = Debug;
		};
		FAA9AB45286DDDE8001C3A37 /* Release */ = {
			isa = XCBuildConfiguration;
			baseConfigurationReference = E69096233596C6877CC21467 /* Pods-ZemogaTechTestTests.release.xcconfig */;
			buildSettings = {
				ALWAYS_EMBED_SWIFT_STANDARD_LIBRARIES = YES;
				BUNDLE_LOADER = "$(TEST_HOST)";
				CODE_SIGN_STYLE = Automatic;
				CURRENT_PROJECT_VERSION = 1;
				DEVELOPMENT_TEAM = 8ZY9G55982;
				GENERATE_INFOPLIST_FILE = YES;
				IPHONEOS_DEPLOYMENT_TARGET = 15.4;
				MARKETING_VERSION = 1.0;
				PRODUCT_BUNDLE_IDENTIFIER = com.usabalza.ZemogaTechTestTests;
				PRODUCT_NAME = "$(TARGET_NAME)";
				SWIFT_EMIT_LOC_STRINGS = NO;
				SWIFT_VERSION = 5.0;
				TARGETED_DEVICE_FAMILY = "1,2";
				TEST_HOST = "$(BUILT_PRODUCTS_DIR)/ZemogaTechTest.app/ZemogaTechTest";
			};
			name = Release;
		};
		FAA9AB47286DDDE8001C3A37 /* Debug */ = {
			isa = XCBuildConfiguration;
			buildSettings = {
				ALWAYS_EMBED_SWIFT_STANDARD_LIBRARIES = YES;
				CODE_SIGN_STYLE = Automatic;
				CURRENT_PROJECT_VERSION = 1;
				DEVELOPMENT_TEAM = 8ZY9G55982;
				GENERATE_INFOPLIST_FILE = YES;
				MARKETING_VERSION = 1.0;
				PRODUCT_BUNDLE_IDENTIFIER = com.usabalza.ZemogaTechTestUITests;
				PRODUCT_NAME = "$(TARGET_NAME)";
				SWIFT_EMIT_LOC_STRINGS = NO;
				SWIFT_VERSION = 5.0;
				TARGETED_DEVICE_FAMILY = "1,2";
				TEST_TARGET_NAME = ZemogaTechTest;
			};
			name = Debug;
		};
		FAA9AB48286DDDE8001C3A37 /* Release */ = {
			isa = XCBuildConfiguration;
			buildSettings = {
				ALWAYS_EMBED_SWIFT_STANDARD_LIBRARIES = YES;
				CODE_SIGN_STYLE = Automatic;
				CURRENT_PROJECT_VERSION = 1;
				DEVELOPMENT_TEAM = 8ZY9G55982;
				GENERATE_INFOPLIST_FILE = YES;
				MARKETING_VERSION = 1.0;
				PRODUCT_BUNDLE_IDENTIFIER = com.usabalza.ZemogaTechTestUITests;
				PRODUCT_NAME = "$(TARGET_NAME)";
				SWIFT_EMIT_LOC_STRINGS = NO;
				SWIFT_VERSION = 5.0;
				TARGETED_DEVICE_FAMILY = "1,2";
				TEST_TARGET_NAME = ZemogaTechTest;
			};
			name = Release;
		};
/* End XCBuildConfiguration section */

/* Begin XCConfigurationList section */
		FAA9AB0E286DDDE5001C3A37 /* Build configuration list for PBXProject "ZemogaTechTest" */ = {
			isa = XCConfigurationList;
			buildConfigurations = (
				FAA9AB3E286DDDE8001C3A37 /* Debug */,
				FAA9AB3F286DDDE8001C3A37 /* Release */,
			);
			defaultConfigurationIsVisible = 0;
			defaultConfigurationName = Release;
		};
		FAA9AB40286DDDE8001C3A37 /* Build configuration list for PBXNativeTarget "ZemogaTechTest" */ = {
			isa = XCConfigurationList;
			buildConfigurations = (
				FAA9AB41286DDDE8001C3A37 /* Debug */,
				FAA9AB42286DDDE8001C3A37 /* Release */,
			);
			defaultConfigurationIsVisible = 0;
			defaultConfigurationName = Release;
		};
		FAA9AB43286DDDE8001C3A37 /* Build configuration list for PBXNativeTarget "ZemogaTechTestTests" */ = {
			isa = XCConfigurationList;
			buildConfigurations = (
				FAA9AB44286DDDE8001C3A37 /* Debug */,
				FAA9AB45286DDDE8001C3A37 /* Release */,
			);
			defaultConfigurationIsVisible = 0;
			defaultConfigurationName = Release;
		};
		FAA9AB46286DDDE8001C3A37 /* Build configuration list for PBXNativeTarget "ZemogaTechTestUITests" */ = {
			isa = XCConfigurationList;
			buildConfigurations = (
				FAA9AB47286DDDE8001C3A37 /* Debug */,
				FAA9AB48286DDDE8001C3A37 /* Release */,
			);
			defaultConfigurationIsVisible = 0;
			defaultConfigurationName = Release;
		};
/* End XCConfigurationList section */

/* Begin XCVersionGroup section */
		FAA9AB1F286DDDE5001C3A37 /* ZemogaTechTest.xcdatamodeld */ = {
			isa = XCVersionGroup;
			children = (
				FAA9AB20286DDDE5001C3A37 /* ZemogaTechTest.xcdatamodel */,
			);
			currentVersion = FAA9AB20286DDDE5001C3A37 /* ZemogaTechTest.xcdatamodel */;
			path = ZemogaTechTest.xcdatamodeld;
			sourceTree = "<group>";
			versionGroupType = wrapper.xcdatamodel;
		};
/* End XCVersionGroup section */
	};
	rootObject = FAA9AB0B286DDDE5001C3A37 /* Project object */;
}
